lockfileVersion: '9.0'

settings:
  autoInstallPeers: true
  excludeLinksFromLockfile: false

importers:

  .:
    devDependencies:
      harurow-ejdict:
        specifier: ^2.2.0
        version: 2.2.0

packages:

  harurow-ejdict@2.2.0:
    resolution: {integrity: sha512-w7g2QkKnfXC1+cU3fBLtvSXt1UnNh5bl4/QZvqZqe4zuugnZ6Is8OOmwpa9RUEdh2o5a3wnfBZMNu/Oy3bjsuA==}

snapshots:

  harurow-ejdict@2.2.0: {}
